
Microsoft Visual Studio Solution File, Format Version 12.00
# Visual Studio 15
Project("{FAE04EC0-301F-11D3-BF4B-00C04F79EFBC}") = "Assembly-CSharp", "Assembly-CSharp.csproj", "{F3EFC48D-CEE3-9F07-081C-F320C06A13FA}"
EndProject
Project("{FAE04EC0-301F-11D3-BF4B-00C04F79EFBC}") = "Assembly-CSharp-Editor", "Assembly-CSharp-Editor.csproj", "{77A07A81-738D-2528-DFBC-6F6BC82E17BA}"
EndProject
Global
	GlobalSection(SolutionConfigurationPlatforms) = preSolution
		Debug|Any CPU = Debug|Any CPU
		Release|Any CPU = Release|Any CPU
	EndGlobalSection
	GlobalSection(ProjectConfigurationPlatforms) = postSolution
		{F3EFC48D-CEE3-9F07-081C-F320C06A13FA}.Debug|Any CPU.ActiveCfg = Debug|Any CPU
		{F3EFC48D-CEE3-9F07-081C-F320C06A13FA}.Debug|Any CPU.Build.0 = Debug|Any CPU
		{F3EFC48D-CEE3-9F07-081C-F320C06A13FA}.Release|Any CPU.ActiveCfg = Release|Any CPU
		{F3EFC48D-CEE3-9F07-081C-F320C06A13FA}.Release|Any CPU.Build.0 = Release|Any CPU
		{77A07A81-738D-2528-DFBC-6F6BC82E17BA}.Debug|Any CPU.ActiveCfg = Debug|Any CPU
		{77A07A81-738D-2528-DFBC-6F6BC82E17BA}.Debug|Any CPU.Build.0 = Debug|Any CPU
		{77A07A81-738D-2528-DFBC-6F6BC82E17BA}.Release|Any CPU.ActiveCfg = Release|Any CPU
		{77A07A81-738D-2528-DFBC-6F6BC82E17BA}.Release|Any CPU.Build.0 = Release|Any CPU
	EndGlobalSection
	GlobalSection(SolutionProperties) = preSolution
		HideSolutionNode = FALSE
	EndGlobalSection
EndGlobal
